
Microsoft Visual Studio Solution File, Format Version 12.00
# Visual Studio Version 17
VisualStudioVersion = 17.9.34526.213
MinimumVisualStudioVersion = 10.0.40219.1
Project("{FAE04EC0-301F-11D3-BF4B-00C04F79EFBC}") = "SistemaTransaccionalDeVentas", "SistemaTransaccionalDeVentas.csproj", "{6CA2B8E7-9065-47E1-BF2A-766ACD00BEA5}"
EndProject
Global
	GlobalSection(SolutionConfigurationPlatforms) = preSolution
		Debug|Any CPU = Debug|Any CPU
		Release|Any CPU = Release|Any CPU
	EndGlobalSection
	GlobalSection(ProjectConfigurationPlatforms) = postSolution
		{6CA2B8E7-9065-47E1-BF2A-766ACD00BEA5}.Debug|Any CPU.ActiveCfg = Debug|Any CPU
		{6CA2B8E7-9065-47E1-BF2A-766ACD00BEA5}.Debug|Any CPU.Build.0 = Debug|Any CPU
		{6CA2B8E7-9065-47E1-BF2A-766ACD00BEA5}.Release|Any CPU.ActiveCfg = Release|Any CPU
		{6CA2B8E7-9065-47E1-BF2A-766ACD00BEA5}.Release|Any CPU.Build.0 = Release|Any CPU
	EndGlobalSection
	GlobalSection(SolutionProperties) = preSolution
		HideSolutionNode = FALSE
	EndGlobalSection
	GlobalSection(ExtensibilityGlobals) = postSolution
		SolutionGuid = {F84808F1-EB65-4C1B-B89F-3D3264D464E0}
	EndGlobalSection
EndGlobal
